
Microsoft Visual Studio Solution File, Format Version 12.00
# Visual Studio Version 17
VisualStudioVersion = 17.0.31903.59
MinimumVisualStudioVersion = 10.0.40219.1
Project("{2150E333-8FDC-42A3-9474-1A3956D46DE8}") = "src", "src", "{827E0CD3-B72D-47B6-A68D-7590B98EB39B}"
EndProject
Project("{FAE04EC0-301F-11D3-BF4B-00C04F79EFBC}") = "OpsBoard.Api", "src\OpsBoard.Api\OpsBoard.Api.csproj", "{A41FFC06-519A-4F48-9686-5A5F8BE2D03F}"
EndProject
Project("{FAE04EC0-301F-11D3-BF4B-00C04F79EFBC}") = "OpsBoard.Application", "src\OpsBoard.Application\OpsBoard.Application.csproj", "{6955F63E-B5A1-4C38-883E-5985A3E8D0F4}"
EndProject
Project("{FAE04EC0-301F-11D3-BF4B-00C04F79EFBC}") = "OpsBoard.Domain", "src\OpsBoard.Domain\OpsBoard.Domain.csproj", "{359F1486-0B25-4344-A5FE-9C966189C197}"
EndProject
Project("{FAE04EC0-301F-11D3-BF4B-00C04F79EFBC}") = "OpsBoard.Infrastructure", "src\OpsBoard.Infrastructure\OpsBoard.Infrastructure.csproj", "{FEFBA125-CB8C-4643-A675-0F149F56D9DE}"
EndProject
Project("{2150E333-8FDC-42A3-9474-1A3956D46DE8}") = "tests", "tests", "{0AB3BF05-4346-4AA6-1389-037BE0695223}"
EndProject
Project("{FAE04EC0-301F-11D3-BF4B-00C04F79EFBC}") = "OpsBoard.UnitTests", "tests\OpsBoard.UnitTests\OpsBoard.UnitTests.csproj", "{4B88588F-8C68-4DA0-B9B5-279FA5FB767F}"
EndProject
Project("{FAE04EC0-301F-11D3-BF4B-00C04F79EFBC}") = "OpsBoard.IntegrationTests", "tests\OpsBoard.IntegrationTests\OpsBoard.IntegrationTests.csproj", "{74345A19-4DEC-4AD2-BE36-67B25E04543D}"
EndProject
Global
	GlobalSection(SolutionConfigurationPlatforms) = preSolution
		Debug|Any CPU = Debug|Any CPU
		Debug|x64 = Debug|x64
		Debug|x86 = Debug|x86
		Release|Any CPU = Release|Any CPU
		Release|x64 = Release|x64
		Release|x86 = Release|x86
	EndGlobalSection
	GlobalSection(ProjectConfigurationPlatforms) = postSolution
		{A41FFC06-519A-4F48-9686-5A5F8BE2D03F}.Debug|Any CPU.ActiveCfg = Debug|Any CPU
		{A41FFC06-519A-4F48-9686-5A5F8BE2D03F}.Debug|Any CPU.Build.0 = Debug|Any CPU
		{A41FFC06-519A-4F48-9686-5A5F8BE2D03F}.Debug|x64.ActiveCfg = Debug|Any CPU
		{A41FFC06-519A-4F48-9686-5A5F8BE2D03F}.Debug|x64.Build.0 = Debug|Any CPU
		{A41FFC06-519A-4F48-9686-5A5F8BE2D03F}.Debug|x86.ActiveCfg = Debug|Any CPU
		{A41FFC06-519A-4F48-9686-5A5F8BE2D03F}.Debug|x86.Build.0 = Debug|Any CPU
		{A41FFC06-519A-4F48-9686-5A5F8BE2D03F}.Release|Any CPU.ActiveCfg = Release|Any CPU
		{A41FFC06-519A-4F48-9686-5A5F8BE2D03F}.Release|Any CPU.Build.0 = Release|Any CPU
		{A41FFC06-519A-4F48-9686-5A5F8BE2D03F}.Release|x64.ActiveCfg = Release|Any CPU
		{A41FFC06-519A-4F48-9686-5A5F8BE2D03F}.Release|x64.Build.0 = Release|Any CPU
		{A41FFC06-519A-4F48-9686-5A5F8BE2D03F}.Release|x86.ActiveCfg = Release|Any CPU
		{A41FFC06-519A-4F48-9686-5A5F8BE2D03F}.Release|x86.Build.0 = Release|Any CPU
		{6955F63E-B5A1-4C38-883E-5985A3E8D0F4}.Debug|Any CPU.ActiveCfg = Debug|Any CPU
		{6955F63E-B5A1-4C38-883E-5985A3E8D0F4}.Debug|Any CPU.Build.0 = Debug|Any CPU
		{6955F63E-B5A1-4C38-883E-5985A3E8D0F4}.Debug|x64.ActiveCfg = Debug|Any CPU
		{6955F63E-B5A1-4C38-883E-5985A3E8D0F4}.Debug|x64.Build.0 = Debug|Any CPU
		{6955F63E-B5A1-4C38-883E-5985A3E8D0F4}.Debug|x86.ActiveCfg = Debug|Any CPU
		{6955F63E-B5A1-4C38-883E-5985A3E8D0F4}.Debug|x86.Build.0 = Debug|Any CPU
		{6955F63E-B5A1-4C38-883E-5985A3E8D0F4}.Release|Any CPU.ActiveCfg = Release|Any CPU
		{6955F63E-B5A1-4C38-883E-5985A3E8D0F4}.Release|Any CPU.Build.0 = Release|Any CPU
		{6955F63E-B5A1-4C38-883E-5985A3E8D0F4}.Release|x64.ActiveCfg = Release|Any CPU
		{6955F63E-B5A1-4C38-883E-5985A3E8D0F4}.Release|x64.Build.0 = Release|Any CPU
		{6955F63E-B5A1-4C38-883E-5985A3E8D0F4}.Release|x86.ActiveCfg = Release|Any CPU
		{6955F63E-B5A1-4C38-883E-5985A3E8D0F4}.Release|x86.Build.0 = Release|Any CPU
		{359F1486-0B25-4344-A5FE-9C966189C197}.Debug|Any CPU.ActiveCfg = Debug|Any CPU
		{359F1486-0B25-4344-A5FE-9C966189C197}.Debug|Any CPU.Build.0 = Debug|Any CPU
		{359F1486-0B25-4344-A5FE-9C966189C197}.Debug|x64.ActiveCfg = Debug|Any CPU
		{359F1486-0B25-4344-A5FE-9C966189C197}.Debug|x64.Build.0 = Debug|Any CPU
		{359F1486-0B25-4344-A5FE-9C966189C197}.Debug|x86.ActiveCfg = Debug|Any CPU
		{359F1486-0B25-4344-A5FE-9C966189C197}.Debug|x86.Build.0 = Debug|Any CPU
		{359F1486-0B25-4344-A5FE-9C966189C197}.Release|Any CPU.ActiveCfg = Release|Any CPU
		{359F1486-0B25-4344-A5FE-9C966189C197}.Release|Any CPU.Build.0 = Release|Any CPU
		{359F1486-0B25-4344-A5FE-9C966189C197}.Release|x64.ActiveCfg = Release|Any CPU
		{359F1486-0B25-4344-A5FE-9C966189C197}.Release|x64.Build.0 = Release|Any CPU
		{359F1486-0B25-4344-A5FE-9C966189C197}.Release|x86.ActiveCfg = Release|Any CPU
		{359F1486-0B25-4344-A5FE-9C966189C197}.Release|x86.Build.0 = Release|Any CPU
		{FEFBA125-CB8C-4643-A675-0F149F56D9DE}.Debug|Any CPU.ActiveCfg = Debug|Any CPU
		{FEFBA125-CB8C-4643-A675-0F149F56D9DE}.Debug|Any CPU.Build.0 = Debug|Any CPU
		{FEFBA125-CB8C-4643-A675-0F149F56D9DE}.Debug|x64.ActiveCfg = Debug|Any CPU
		{FEFBA125-CB8C-4643-A675-0F149F56D9DE}.Debug|x64.Build.0 = Debug|Any CPU
		{FEFBA125-CB8C-4643-A675-0F149F56D9DE}.Debug|x86.ActiveCfg = Debug|Any CPU
		{FEFBA125-CB8C-4643-A675-0F149F56D9DE}.Debug|x86.Build.0 = Debug|Any CPU
		{FEFBA125-CB8C-4643-A675-0F149F56D9DE}.Release|Any CPU.ActiveCfg = Release|Any CPU
		{FEFBA125-CB8C-4643-A675-0F149F56D9DE}.Release|Any CPU.Build.0 = Release|Any CPU
		{FEFBA125-CB8C-4643-A675-0F149F56D9DE}.Release|x64.ActiveCfg = Release|Any CPU
		{FEFBA125-CB8C-4643-A675-0F149F56D9DE}.Release|x64.Build.0 = Release|Any CPU
		{FEFBA125-CB8C-4643-A675-0F149F56D9DE}.Release|x86.ActiveCfg = Release|Any CPU
		{FEFBA125-CB8C-4643-A675-0F149F56D9DE}.Release|x86.Build.0 = Release|Any CPU
		{4B88588F-8C68-4DA0-B9B5-279FA5FB767F}.Debug|Any CPU.ActiveCfg = Debug|Any CPU
		{4B88588F-8C68-4DA0-B9B5-279FA5FB767F}.Debug|Any CPU.Build.0 = Debug|Any CPU
		{4B88588F-8C68-4DA0-B9B5-279FA5FB767F}.Debug|x64.ActiveCfg = Debug|Any CPU
		{4B88588F-8C68-4DA0-B9B5-279FA5FB767F}.Debug|x64.Build.0 = Debug|Any CPU
		{4B88588F-8C68-4DA0-B9B5-279FA5FB767F}.Debug|x86.ActiveCfg = Debug|Any CPU
		{4B88588F-8C68-4DA0-B9B5-279FA5FB767F}.Debug|x86.Build.0 = Debug|Any CPU
		{4B88588F-8C68-4DA0-B9B5-279FA5FB767F}.Release|Any CPU.ActiveCfg = Release|Any CPU
		{4B88588F-8C68-4DA0-B9B5-279FA5FB767F}.Release|Any CPU.Build.0 = Release|Any CPU
		{4B88588F-8C68-4DA0-B9B5-279FA5FB767F}.Release|x64.ActiveCfg = Release|Any CPU
		{4B88588F-8C68-4DA0-B9B5-279FA5FB767F}.Release|x64.Build.0 = Release|Any CPU
		{4B88588F-8C68-4DA0-B9B5-279FA5FB767F}.Release|x86.ActiveCfg = Release|Any CPU
		{4B88588F-8C68-4DA0-B9B5-279FA5FB767F}.Release|x86.Build.0 = Release|Any CPU
		{74345A19-4DEC-4AD2-BE36-67B25E04543D}.Debug|Any CPU.ActiveCfg = Debug|Any CPU
		{74345A19-4DEC-4AD2-BE36-67B25E04543D}.Debug|Any CPU.Build.0 = Debug|Any CPU
		{74345A19-4DEC-4AD2-BE36-67B25E04543D}.Debug|x64.ActiveCfg = Debug|Any CPU
		{74345A19-4DEC-4AD2-BE36-67B25E04543D}.Debug|x64.Build.0 = Debug|Any CPU
		{74345A19-4DEC-4AD2-BE36-67B25E04543D}.Debug|x86.ActiveCfg = Debug|Any CPU
		{74345A19-4DEC-4AD2-BE36-67B25E04543D}.Debug|x86.Build.0 = Debug|Any CPU
		{74345A19-4DEC-4AD2-BE36-67B25E04543D}.Release|Any CPU.ActiveCfg = Release|Any CPU
		{74345A19-4DEC-4AD2-BE36-67B25E04543D}.Release|Any CPU.Build.0 = Release|Any CPU
		{74345A19-4DEC-4AD2-BE36-67B25E04543D}.Release|x64.ActiveCfg = Release|Any CPU
		{74345A19-4DEC-4AD2-BE36-67B25E04543D}.Release|x64.Build.0 = Release|Any CPU
		{74345A19-4DEC-4AD2-BE36-67B25E04543D}.Release|x86.ActiveCfg = Release|Any CPU
		{74345A19-4DEC-4AD2-BE36-67B25E04543D}.Release|x86.Build.0 = Release|Any CPU
	EndGlobalSection
	GlobalSection(SolutionProperties) = preSolution
		HideSolutionNode = FALSE
	EndGlobalSection
	GlobalSection(NestedProjects) = preSolution
		{A41FFC06-519A-4F48-9686-5A5F8BE2D03F} = {827E0CD3-B72D-47B6-A68D-7590B98EB39B}
		{6955F63E-B5A1-4C38-883E-5985A3E8D0F4} = {827E0CD3-B72D-47B6-A68D-7590B98EB39B}
		{359F1486-0B25-4344-A5FE-9C966189C197} = {827E0CD3-B72D-47B6-A68D-7590B98EB39B}
		{FEFBA125-CB8C-4643-A675-0F149F56D9DE} = {827E0CD3-B72D-47B6-A68D-7590B98EB39B}
		{4B88588F-8C68-4DA0-B9B5-279FA5FB767F} = {0AB3BF05-4346-4AA6-1389-037BE0695223}
		{74345A19-4DEC-4AD2-BE36-67B25E04543D} = {0AB3BF05-4346-4AA6-1389-037BE0695223}
	EndGlobalSection
EndGlobal
